
Microsoft Visual Studio Solution File, Format Version 12.00
# Visual Studio Version 17
VisualStudioVersion = 17.2.32630.192
MinimumVisualStudioVersion = 10.0.40219.1
Project("{FAE04EC0-301F-11D3-BF4B-00C04F79EFBC}") = "City_info", "City_info.csproj", "{E6F0EB6B-A740-4005-BDE1-A84A3BA67BFC}"
EndProject
Global
	GlobalSection(SolutionConfigurationPlatforms) = preSolution
		Debug|Any CPU = Debug|Any CPU
		Release|Any CPU = Release|Any CPU
	EndGlobalSection
	GlobalSection(ProjectConfigurationPlatforms) = postSolution
		{E6F0EB6B-A740-4005-BDE1-A84A3BA67BFC}.Debug|Any CPU.ActiveCfg = Debug|Any CPU
		{E6F0EB6B-A740-4005-BDE1-A84A3BA67BFC}.Debug|Any CPU.Build.0 = Debug|Any CPU
		{E6F0EB6B-A740-4005-BDE1-A84A3BA67BFC}.Release|Any CPU.ActiveCfg = Release|Any CPU
		{E6F0EB6B-A740-4005-BDE1-A84A3BA67BFC}.Release|Any CPU.Build.0 = Release|Any CPU
	EndGlobalSection
	GlobalSection(SolutionProperties) = preSolution
		HideSolutionNode = FALSE
	EndGlobalSection
	GlobalSection(ExtensibilityGlobals) = postSolution
		SolutionGuid = {CEA30CA5-22CB-42C8-9E12-8769DAC66E78}
	EndGlobalSection
EndGlobal
